
Microsoft Visual Studio Solution File, Format Version 12.00
# Visual Studio Version 16
VisualStudioVersion = 16.0.32802.440
MinimumVisualStudioVersion = 10.0.40219.1
Project("{FAE04EC0-301F-11D3-BF4B-00C04F79EFBC}") = "VýukovýProgram", "VýukovýProgram\VýukovýProgram.csproj", "{31EE86F1-B7E1-43ED-86AA-EF9FB86DD425}"
EndProject
Global
	GlobalSection(SolutionConfigurationPlatforms) = preSolution
		Debug|Any CPU = Debug|Any CPU
		Release|Any CPU = Release|Any CPU
	EndGlobalSection
	GlobalSection(ProjectConfigurationPlatforms) = postSolution
		{31EE86F1-B7E1-43ED-86AA-EF9FB86DD425}.Debug|Any CPU.ActiveCfg = Debug|Any CPU
		{31EE86F1-B7E1-43ED-86AA-EF9FB86DD425}.Debug|Any CPU.Build.0 = Debug|Any CPU
		{31EE86F1-B7E1-43ED-86AA-EF9FB86DD425}.Release|Any CPU.ActiveCfg = Release|Any CPU
		{31EE86F1-B7E1-43ED-86AA-EF9FB86DD425}.Release|Any CPU.Build.0 = Release|Any CPU
	EndGlobalSection
	GlobalSection(SolutionProperties) = preSolution
		HideSolutionNode = FALSE
	EndGlobalSection
	GlobalSection(ExtensibilityGlobals) = postSolution
		SolutionGuid = {BDBA4B47-F0AA-4878-B3A1-B2208349BF48}
	EndGlobalSection
EndGlobal
